
Microsoft Visual Studio Solution File, Format Version 12.00
# Visual Studio Version 17
VisualStudioVersion = 17.3.32929.385
MinimumVisualStudioVersion = 10.0.40219.1
Project("{FAE04EC0-301F-11D3-BF4B-00C04F79EFBC}") = "C_Sharp_A1", "C_Sharp_A1.csproj", "{894D7252-49DF-4888-87F4-47A639399AF5}"
EndProject
Global
	GlobalSection(SolutionConfigurationPlatforms) = preSolution
		Debug|Any CPU = Debug|Any CPU
		Release|Any CPU = Release|Any CPU
	EndGlobalSection
	GlobalSection(ProjectConfigurationPlatforms) = postSolution
		{894D7252-49DF-4888-87F4-47A639399AF5}.Debug|Any CPU.ActiveCfg = Debug|Any CPU
		{894D7252-49DF-4888-87F4-47A639399AF5}.Debug|Any CPU.Build.0 = Debug|Any CPU
		{894D7252-49DF-4888-87F4-47A639399AF5}.Release|Any CPU.ActiveCfg = Release|Any CPU
		{894D7252-49DF-4888-87F4-47A639399AF5}.Release|Any CPU.Build.0 = Release|Any CPU
	EndGlobalSection
	GlobalSection(SolutionProperties) = preSolution
		HideSolutionNode = FALSE
	EndGlobalSection
	GlobalSection(ExtensibilityGlobals) = postSolution
		SolutionGuid = {3DB0EF12-5A62-441D-BABF-DD521451656E}
	EndGlobalSection
EndGlobal
